// !$*UTF8*$!
{
	archiveVersion = 1;
	classes = {
	};
	objectVersion = 50;
	objects = {

/* Begin PBXBuildFile section */
		9CCEB9392670964100B5B3C3 /* NewsAppData.framework in Frameworks */ = {isa = PBXBuildFile; fileRef = 9CCEB92F2670964100B5B3C3 /* NewsAppData.framework */; };
		9CCEB93E2670964100B5B3C3 /* NewsAppDataTests.swift in Sources */ = {isa = PBXBuildFile; fileRef = 9CCEB93D2670964100B5B3C3 /* NewsAppDataTests.swift */; };
		9CCEB9402670964100B5B3C3 /* NewsAppData.h in Headers */ = {isa = PBXBuildFile; fileRef = 9CCEB9322670964100B5B3C3 /* NewsAppData.h */; settings = {ATTRIBUTES = (Public, ); }; };
		9CCEB96F2670969500B5B3C3 /* NewsAppDomain.framework in Frameworks */ = {isa = PBXBuildFile; fileRef = 9CCEB96E2670969500B5B3C3 /* NewsAppDomain.framework */; };
		9CCEB9702670969500B5B3C3 /* NewsAppDomain.framework in Embed Frameworks */ = {isa = PBXBuildFile; fileRef = 9CCEB96E2670969500B5B3C3 /* NewsAppDomain.framework */; settings = {ATTRIBUTES = (CodeSignOnCopy, RemoveHeadersOnCopy, ); }; };
		9CCEB98E26709F1900B5B3C3 /* NewsModel.swift in Sources */ = {isa = PBXBuildFile; fileRef = 9CCEB98D26709F1900B5B3C3 /* NewsModel.swift */; };
/* End PBXBuildFile section */

/* Begin PBXContainerItemProxy section */
		9CCEB93A2670964100B5B3C3 /* PBXContainerItemProxy */ = {
			isa = PBXContainerItemProxy;
			containerPortal = 9CCEB9262670964100B5B3C3 /* Project object */;
			proxyType = 1;
			remoteGlobalIDString = 9CCEB92E2670964100B5B3C3;
			remoteInfo = NewsAppData;
		};
/* End PBXContainerItemProxy section */

/* Begin PBXCopyFilesBuildPhase section */
		9CCEB9712670969500B5B3C3 /* Embed Frameworks */ = {
			isa = PBXCopyFilesBuildPhase;
			buildActionMask = 2147483647;
			dstPath = "";
			dstSubfolderSpec = 10;
			files = (
				9CCEB9702670969500B5B3C3 /* NewsAppDomain.framework in Embed Frameworks */,
			);
			name = "Embed Frameworks";
			runOnlyForDeploymentPostprocessing = 0;
		};
/* End PBXCopyFilesBuildPhase section */

/* Begin PBXFileReference section */
		9CCEB92F2670964100B5B3C3 /* NewsAppData.framework */ = {isa = PBXFileReference; explicitFileType = wrapper.framework; includeInIndex = 0; path = NewsAppData.framework; sourceTree = BUILT_PRODUCTS_DIR; };
		9CCEB9322670964100B5B3C3 /* NewsAppData.h */ = {isa = PBXFileReference; lastKnownFileType = sourcecode.c.h; path = NewsAppData.h; sourceTree = "<group>"; };
		9CCEB9332670964100B5B3C3 /* Info.plist */ = {isa = PBXFileReference; lastKnownFileType = text.plist.xml; path = Info.plist; sourceTree = "<group>"; };
		9CCEB9382670964100B5B3C3 /* NewsAppDataTests.xctest */ = {isa = PBXFileReference; explicitFileType = wrapper.cfbundle; includeInIndex = 0; path = NewsAppDataTests.xctest; sourceTree = BUILT_PRODUCTS_DIR; };
		9CCEB93D2670964100B5B3C3 /* NewsAppDataTests.swift */ = {isa = PBXFileReference; lastKnownFileType = sourcecode.swift; path = NewsAppDataTests.swift; sourceTree = "<group>"; };
		9CCEB93F2670964100B5B3C3 /* Info.plist */ = {isa = PBXFileReference; lastKnownFileType = text.plist.xml; path = Info.plist; sourceTree = "<group>"; };
		9CCEB96E2670969500B5B3C3 /* NewsAppDomain.framework */ = {isa = PBXFileReference; explicitFileType = wrapper.framework; path = NewsAppDomain.framework; sourceTree = BUILT_PRODUCTS_DIR; };
		9CCEB98D26709F1900B5B3C3 /* NewsModel.swift */ = {isa = PBXFileReference; lastKnownFileType = sourcecode.swift; path = NewsModel.swift; sourceTree = "<group>"; };
/* End PBXFileReference section */

/* Begin PBXFrameworksBuildPhase section */
		9CCEB92C2670964100B5B3C3 /* Frameworks */ = {
			isa = PBXFrameworksBuildPhase;
			buildActionMask = 2147483647;
			files = (
				9CCEB96F2670969500B5B3C3 /* NewsAppDomain.framework in Frameworks */,
			);
			runOnlyForDeploymentPostprocessing = 0;
		};
		9CCEB9352670964100B5B3C3 /* Frameworks */ = {
			isa = PBXFrameworksBuildPhase;
			buildActionMask = 2147483647;
			files = (
				9CCEB9392670964100B5B3C3 /* NewsAppData.framework in Frameworks */,
			);
			runOnlyForDeploymentPostprocessing = 0;
		};
/* End PBXFrameworksBuildPhase section */

/* Begin PBXGroup section */
		9CCEB9252670964100B5B3C3 = {
			isa = PBXGroup;
			children = (
				9CCEB9312670964100B5B3C3 /* NewsAppData */,
				9CCEB93C2670964100B5B3C3 /* NewsAppDataTests */,
				9CCEB9302670964100B5B3C3 /* Products */,
				9CCEB96D2670969400B5B3C3 /* Frameworks */,
			);
			sourceTree = "<group>";
		};
		9CCEB9302670964100B5B3C3 /* Products */ = {
			isa = PBXGroup;
			children = (
				9CCEB92F2670964100B5B3C3 /* NewsAppData.framework */,
				9CCEB9382670964100B5B3C3 /* NewsAppDataTests.xctest */,
			);
			name = Products;
			sourceTree = "<group>";
		};
		9CCEB9312670964100B5B3C3 /* NewsAppData */ = {
			isa = PBXGroup;
			children = (
				9CCEB98C26709EFB00B5B3C3 /* News */,
				9CCEB9322670964100B5B3C3 /* NewsAppData.h */,
				9CCEB9332670964100B5B3C3 /* Info.plist */,
			);
			path = NewsAppData;
			sourceTree = "<group>";
		};
		9CCEB93C2670964100B5B3C3 /* NewsAppDataTests */ = {
			isa = PBXGroup;
			children = (
				9CCEB93D2670964100B5B3C3 /* NewsAppDataTests.swift */,
				9CCEB93F2670964100B5B3C3 /* Info.plist */,
			);
			path = NewsAppDataTests;
			sourceTree = "<group>";
		};
		9CCEB96D2670969400B5B3C3 /* Frameworks */ = {
			isa = PBXGroup;
			children = (
				9CCEB96E2670969500B5B3C3 /* NewsAppDomain.framework */,
			);
			name = Frameworks;
			sourceTree = "<group>";
		};
		9CCEB98C26709EFB00B5B3C3 /* News */ = {
			isa = PBXGroup;
			children = (
				9CCEB98D26709F1900B5B3C3 /* NewsModel.swift */,
			);
			path = News;
			sourceTree = "<group>";
		};
/* End PBXGroup section */

/* Begin PBXHeadersBuildPhase section */
		9CCEB92A2670964100B5B3C3 /* Headers */ = {
			isa = PBXHeadersBuildPhase;
			buildActionMask = 2147483647;
			files = (
				9CCEB9402670964100B5B3C3 /* NewsAppData.h in Headers */,
			);
			runOnlyForDeploymentPostprocessing = 0;
		};
/* End PBXHeadersBuildPhase section */

/* Begin PBXNativeTarget section */
		9CCEB92E2670964100B5B3C3 /* NewsAppData */ = {
			isa = PBXNativeTarget;
			buildConfigurationList = 9CCEB9432670964100B5B3C3 /* Build configuration list for PBXNativeTarget "NewsAppData" */;
			buildPhases = (
				9CCEB92A2670964100B5B3C3 /* Headers */,
				9CCEB92B2670964100B5B3C3 /* Sources */,
				9CCEB92C2670964100B5B3C3 /* Frameworks */,
				9CCEB92D2670964100B5B3C3 /* Resources */,
				9CCEB9712670969500B5B3C3 /* Embed Frameworks */,
			);
			buildRules = (
			);
			dependencies = (
			);
			name = NewsAppData;
			productName = NewsAppData;
			productReference = 9CCEB92F2670964100B5B3C3 /* NewsAppData.framework */;
			productType = "com.apple.product-type.framework";
		};
		9CCEB9372670964100B5B3C3 /* NewsAppDataTests */ = {
			isa = PBXNativeTarget;
			buildConfigurationList = 9CCEB9462670964100B5B3C3 /* Build configuration list for PBXNativeTarget "NewsAppDataTests" */;
			buildPhases = (
				9CCEB9342670964100B5B3C3 /* Sources */,
				9CCEB9352670964100B5B3C3 /* Frameworks */,
				9CCEB9362670964100B5B3C3 /* Resources */,
			);
			buildRules = (
			);
			dependencies = (
				9CCEB93B2670964100B5B3C3 /* PBXTargetDependency */,
			);
			name = NewsAppDataTests;
			productName = NewsAppDataTests;
			productReference = 9CCEB9382670964100B5B3C3 /* NewsAppDataTests.xctest */;
			productType = "com.apple.product-type.bundle.unit-test";
		};
/* End PBXNativeTarget section */

/* Begin PBXProject section */
		9CCEB9262670964100B5B3C3 /* Project object */ = {
			isa = PBXProject;
			attributes = {
				LastSwiftUpdateCheck = 1250;
				LastUpgradeCheck = 1250;
				TargetAttributes = {
					9CCEB92E2670964100B5B3C3 = {
						CreatedOnToolsVersion = 12.5;
						LastSwiftMigration = 1250;
					};
					9CCEB9372670964100B5B3C3 = {
						CreatedOnToolsVersion = 12.5;
					};
				};
			};
			buildConfigurationList = 9CCEB9292670964100B5B3C3 /* Build configuration list for PBXProject "NewsAppData" */;
			compatibilityVersion = "Xcode 9.3";
			developmentRegion = en;
			hasScannedForEncodings = 0;
			knownRegions = (
				en,
				Base,
			);
			mainGroup = 9CCEB9252670964100B5B3C3;
			productRefGroup = 9CCEB9302670964100B5B3C3 /* Products */;
			projectDirPath = "";
			projectRoot = "";
			targets = (
				9CCEB92E2670964100B5B3C3 /* NewsAppData */,
				9CCEB9372670964100B5B3C3 /* NewsAppDataTests */,
			);
		};
/* End PBXProject section */

/* Begin PBXResourcesBuildPhase section */
		9CCEB92D2670964100B5B3C3 /* Resources */ = {
			isa = PBXResourcesBuildPhase;
			buildActionMask = 2147483647;
			files = (
			);
			runOnlyForDeploymentPostprocessing = 0;
		};
		9CCEB9362670964100B5B3C3 /* Resources */ = {
			isa = PBXResourcesBuildPhase;
			buildActionMask = 2147483647;
			files = (
			);
			runOnlyForDeploymentPostprocessing = 0;
		};
/* End PBXResourcesBuildPhase section */

/* Begin PBXSourcesBuildPhase section */
		9CCEB92B2670964100B5B3C3 /* Sources */ = {
			isa = PBXSourcesBuildPhase;
			buildActionMask = 2147483647;
			files = (
				9CCEB98E26709F1900B5B3C3 /* NewsModel.swift in Sources */,
			);
			runOnlyForDeploymentPostprocessing = 0;
		};
		9CCEB9342670964100B5B3C3 /* Sources */ = {
			isa = PBXSourcesBuildPhase;
			buildActionMask = 2147483647;
			files = (
				9CCEB93E2670964100B5B3C3 /* NewsAppDataTests.swift in Sources */,
			);
			runOnlyForDeploymentPostprocessing = 0;
		};
/* End PBXSourcesBuildPhase section */

/* Begin PBXTargetDependency section */
		9CCEB93B2670964100B5B3C3 /* PBXTargetDependency */ = {
			isa = PBXTargetDependency;
			target = 9CCEB92E2670964100B5B3C3 /* NewsAppData */;
			targetProxy = 9CCEB93A2670964100B5B3C3 /* PBXContainerItemProxy */;
		};
/* End PBXTargetDependency section */

/* Begin XCBuildConfiguration section */
		9CCEB9412670964100B5B3C3 /* Debug */ = {
			isa = XCBuildConfiguration;
			buildSettings = {
				ALWAYS_SEARCH_USER_PATHS = NO;
				CLANG_ANALYZER_NONNULL = YES;
				CLANG_ANALYZER_NUMBER_OBJECT_CONVERSION = YES_AGGRESSIVE;
				CLANG_CXX_LANGUAGE_STANDARD = "gnu++14";
				CLANG_CXX_LIBRARY = "libc++";
				CLANG_ENABLE_MODULES = YES;
				CLANG_ENABLE_OBJC_ARC = YES;
				CLANG_ENABLE_OBJC_WEAK = YES;
				CLANG_WARN_BLOCK_CAPTURE_AUTORELEASING = YES;
				CLANG_WARN_BOOL_CONVERSION = YES;
				CLANG_WARN_COMMA = YES;
				CLANG_WARN_CONSTANT_CONVERSION = YES;
				CLANG_WARN_DEPRECATED_OBJC_IMPLEMENTATIONS = YES;
				CLANG_WARN_DIRECT_OBJC_ISA_USAGE = YES_ERROR;
				CLANG_WARN_DOCUMENTATION_COMMENTS = YES;
				CLANG_WARN_EMPTY_BODY = YES;
				CLANG_WARN_ENUM_CONVERSION = YES;
				CLANG_WARN_INFINITE_RECURSION = YES;
				CLANG_WARN_INT_CONVERSION = YES;
				CLANG_WARN_NON_LITERAL_NULL_CONVERSION = YES;
				CLANG_WARN_OBJC_IMPLICIT_RETAIN_SELF = YES;
				CLANG_WARN_OBJC_LITERAL_CONVERSION = YES;
				CLANG_WARN_OBJC_ROOT_CLASS = YES_ERROR;
				CLANG_WARN_QUOTED_INCLUDE_IN_FRAMEWORK_HEADER = YES;
				CLANG_WARN_RANGE_LOOP_ANALYSIS = YES;
				CLANG_WARN_STRICT_PROTOTYPES = YES;
				CLANG_WARN_SUSPICIOUS_MOVE = YES;
				CLANG_WARN_UNGUARDED_AVAILABILITY = YES_AGGRESSIVE;
				CLANG_WARN_UNREACHABLE_CODE = YES;
				CLANG_WARN__DUPLICATE_METHOD_MATCH = YES;
				COPY_PHASE_STRIP = NO;
				CURRENT_PROJECT_VERSION = 1;
				DEBUG_INFORMATION_FORMAT = dwarf;
				ENABLE_STRICT_OBJC_MSGSEND = YES;
				ENABLE_TESTABILITY = YES;
				GCC_C_LANGUAGE_STANDARD = gnu11;
				GCC_DYNAMIC_NO_PIC = NO;
				GCC_NO_COMMON_BLOCKS = YES;
				GCC_OPTIMIZATION_LEVEL = 0;
				GCC_PREPROCESSOR_DEFINITIONS = (
					"DEBUG=1",
					"$(inherited)",
				);
				GCC_WARN_64_TO_32_BIT_CONVERSION = YES;
				GCC_WARN_ABOUT_RETURN_TYPE = YES_ERROR;
				GCC_WARN_UNDECLARED_SELECTOR = YES;
				GCC_WARN_UNINITIALIZED_AUTOS = YES_AGGRESSIVE;
				GCC_WARN_UNUSED_FUNCTION = YES;
				GCC_WARN_UNUSED_VARIABLE = YES;
				IPHONEOS_DEPLOYMENT_TARGET = 13.0;
				MTL_ENABLE_DEBUG_INFO = INCLUDE_SOURCE;
				MTL_FAST_MATH = YES;
				ONLY_ACTIVE_ARCH = YES;
				SDKROOT = iphoneos;
				SWIFT_ACTIVE_COMPILATION_CONDITIONS = DEBUG;
				SWIFT_OPTIMIZATION_LEVEL = "-Onone";
				VERSIONING_SYSTEM = "apple-generic";
				VERSION_INFO_PREFIX = "";
			};
			name = Debug;
		};
		9CCEB9422670964100B5B3C3 /* Release */ = {
			isa = XCBuildConfiguration;
			buildSettings = {
				ALWAYS_SEARCH_USER_PATHS = NO;
				CLANG_ANALYZER_NONNULL = YES;
				CLANG_ANALYZER_NUMBER_OBJECT_CONVERSION = YES_AGGRESSIVE;
				CLANG_CXX_LANGUAGE_STANDARD = "gnu++14";
				CLANG_CXX_LIBRARY = "libc++";
				CLANG_ENABLE_MODULES = YES;
				CLANG_ENABLE_OBJC_ARC = YES;
				CLANG_ENABLE_OBJC_WEAK = YES;
				CLANG_WARN_BLOCK_CAPTURE_AUTORELEASING = YES;
				CLANG_WARN_BOOL_CONVERSION = YES;
				CLANG_WARN_COMMA = YES;
				CLANG_WARN_CONSTANT_CONVERSION = YES;
				CLANG_WARN_DEPRECATED_OBJC_IMPLEMENTATIONS = YES;
				CLANG_WARN_DIRECT_OBJC_ISA_USAGE = YES_ERROR;
				CLANG_WARN_DOCUMENTATION_COMMENTS = YES;
				CLANG_WARN_EMPTY_BODY = YES;
				CLANG_WARN_ENUM_CONVERSION = YES;
				CLANG_WARN_INFINITE_RECURSION = YES;
				CLANG_WARN_INT_CONVERSION = YES;
				CLANG_WARN_NON_LITERAL_NULL_CONVERSION = YES;
				CLANG_WARN_OBJC_IMPLICIT_RETAIN_SELF = YES;
				CLANG_WARN_OBJC_LITERAL_CONVERSION = YES;
				CLANG_WARN_OBJC_ROOT_CLASS = YES_ERROR;
				CLANG_WARN_QUOTED_INCLUDE_IN_FRAMEWORK_HEADER = YES;
				CLANG_WARN_RANGE_LOOP_ANALYSIS = YES;
				CLANG_WARN_STRICT_PROTOTYPES = YES;
				CLANG_WARN_SUSPICIOUS_MOVE = YES;
				CLANG_WARN_UNGUARDED_AVAILABILITY = YES_AGGRESSIVE;
				CLANG_WARN_UNREACHABLE_CODE = YES;
				CLANG_WARN__DUPLICATE_METHOD_MATCH = YES;
				COPY_PHASE_STRIP = NO;
				CURRENT_PROJECT_VERSION = 1;
				DEBUG_INFORMATION_FORMAT = "dwarf-with-dsym";
				ENABLE_NS_ASSERTIONS = NO;
				ENABLE_STRICT_OBJC_MSGSEND = YES;
				GCC_C_LANGUAGE_STANDARD = gnu11;
				GCC_NO_COMMON_BLOCKS = YES;
				GCC_WARN_64_TO_32_BIT_CONVERSION = YES;
				GCC_WARN_ABOUT_RETURN_TYPE = YES_ERROR;
				GCC_WARN_UNDECLARED_SELECTOR = YES;
				GCC_WARN_UNINITIALIZED_AUTOS = YES_AGGRESSIVE;
				GCC_WARN_UNUSED_FUNCTION = YES;
				GCC_WARN_UNUSED_VARIABLE = YES;
				IPHONEOS_DEPLOYMENT_TARGET = 13.0;
				MTL_ENABLE_DEBUG_INFO = NO;
				MTL_FAST_MATH = YES;
				SDKROOT = iphoneos;
				SWIFT_COMPILATION_MODE = wholemodule;
				SWIFT_OPTIMIZATION_LEVEL = "-O";
				VALIDATE_PRODUCT = YES;
				VERSIONING_SYSTEM = "apple-generic";
				VERSION_INFO_PREFIX = "";
			};
			name = Release;
		};
		9CCEB9442670964100B5B3C3 /* Debug */ = {
			isa = XCBuildConfiguration;
			buildSettings = {
				CLANG_ENABLE_MODULES = YES;
				CODE_SIGN_STYLE = Automatic;
				DEFINES_MODULE = YES;
				DEVELOPMENT_TEAM = C6VRVQTQZ4;
				DYLIB_COMPATIBILITY_VERSION = 1;
				DYLIB_CURRENT_VERSION = 1;
				DYLIB_INSTALL_NAME_BASE = "@rpath";
				INFOPLIST_FILE = NewsAppData/Info.plist;
				INSTALL_PATH = "$(LOCAL_LIBRARY_DIR)/Frameworks";
				LD_RUNPATH_SEARCH_PATHS = (
					"$(inherited)",
					"@executable_path/Frameworks",
					"@loader_path/Frameworks",
				);
				PRODUCT_BUNDLE_IDENTIFIER = com.mohabdelaty.NewsAppData;
				PRODUCT_NAME = "$(TARGET_NAME:c99extidentifier)";
				SKIP_INSTALL = YES;
				SWIFT_OPTIMIZATION_LEVEL = "-Onone";
				SWIFT_VERSION = 5.0;
				TARGETED_DEVICE_FAMILY = "1,2";
			};
			name = Debug;
		};
		9CCEB9452670964100B5B3C3 /* Release */ = {
			isa = XCBuildConfiguration;
			buildSettings = {
				CLANG_ENABLE_MODULES = YES;
				CODE_SIGN_STYLE = Automatic;
				DEFINES_MODULE = YES;
				DEVELOPMENT_TEAM = C6VRVQTQZ4;
				DYLIB_COMPATIBILITY_VERSION = 1;
				DYLIB_CURRENT_VERSION = 1;
				DYLIB_INSTALL_NAME_BASE = "@rpath";
				INFOPLIST_FILE = NewsAppData/Info.plist;
				INSTALL_PATH = "$(LOCAL_LIBRARY_DIR)/Frameworks";
				LD_RUNPATH_SEARCH_PATHS = (
					"$(inherited)",
					"@executable_path/Frameworks",
					"@loader_path/Frameworks",
				);
				PRODUCT_BUNDLE_IDENTIFIER = com.mohabdelaty.NewsAppData;
				PRODUCT_NAME = "$(TARGET_NAME:c99extidentifier)";
				SKIP_INSTALL = YES;
				SWIFT_VERSION = 5.0;
				TARGETED_DEVICE_FAMILY = "1,2";
			};
			name = Release;
		};
		9CCEB9472670964100B5B3C3 /* Debug */ = {
			isa = XCBuildConfiguration;
			buildSettings = {
				ALWAYS_EMBED_SWIFT_STANDARD_LIBRARIES = YES;
				CODE_SIGN_STYLE = Automatic;
				DEVELOPMENT_TEAM = C6VRVQTQZ4;
				INFOPLIST_FILE = NewsAppDataTests/Info.plist;
				LD_RUNPATH_SEARCH_PATHS = (
					"$(inherited)",
					"@executable_path/Frameworks",
					"@loader_path/Frameworks",
				);
				PRODUCT_BUNDLE_IDENTIFIER = com.mohabdelaty.NewsAppDataTests;
				PRODUCT_NAME = "$(TARGET_NAME)";
				SWIFT_VERSION = 5.0;
				TARGETED_DEVICE_FAMILY = "1,2";
			};
			name = Debug;
		};
		9CCEB9482670964100B5B3C3 /* Release */ = {
			isa = XCBuildConfiguration;
			buildSettings = {
				ALWAYS_EMBED_SWIFT_STANDARD_LIBRARIES = YES;
				CODE_SIGN_STYLE = Automatic;
				DEVELOPMENT_TEAM = C6VRVQTQZ4;
				INFOPLIST_FILE = NewsAppDataTests/Info.plist;
				LD_RUNPATH_SEARCH_PATHS = (
					"$(inherited)",
					"@executable_path/Frameworks",
					"@loader_path/Frameworks",
				);
				PRODUCT_BUNDLE_IDENTIFIER = com.mohabdelaty.NewsAppDataTests;
				PRODUCT_NAME = "$(TARGET_NAME)";
				SWIFT_VERSION = 5.0;
				TARGETED_DEVICE_FAMILY = "1,2";
			};
			name = Release;
		};
/* End XCBuildConfiguration section */

/* Begin XCConfigurationList section */
		9CCEB9292670964100B5B3C3 /* Build configuration list for PBXProject "NewsAppData" */ = {
			isa = XCConfigurationList;
			buildConfigurations = (
				9CCEB9412670964100B5B3C3 /* Debug */,
				9CCEB9422670964100B5B3C3 /* Release */,
			);
			defaultConfigurationIsVisible = 0;
			defaultConfigurationName = Release;
		};
		9CCEB9432670964100B5B3C3 /* Build configuration list for PBXNativeTarget "NewsAppData" */ = {
			isa = XCConfigurationList;
			buildConfigurations = (
				9CCEB9442670964100B5B3C3 /* Debug */,
				9CCEB9452670964100B5B3C3 /* Release */,
			);
			defaultConfigurationIsVisible = 0;
			defaultConfigurationName = Release;
		};
		9CCEB9462670964100B5B3C3 /* Build configuration list for PBXNativeTarget "NewsAppDataTests" */ = {
			isa = XCConfigurationList;
			buildConfigurations = (
				9CCEB9472670964100B5B3C3 /* Debug */,
				9CCEB9482670964100B5B3C3 /* Release */,
			);
			defaultConfigurationIsVisible = 0;
			defaultConfigurationName = Release;
		};
/* End XCConfigurationList section */
	};
	rootObject = 9CCEB9262670964100B5B3C3 /* Project object */;
}
